
Microsoft Visual Studio Solution File, Format Version 12.00
# Visual Studio Version 16
VisualStudioVersion = 16.0.29709.97
MinimumVisualStudioVersion = 10.0.40219.1
Project("{FAE04EC0-301F-11D3-BF4B-00C04F79EFBC}") = "Entities", "Entities\Entities.csproj", "{0B9B7FA6-F13B-4812-8F99-8EF2364BE4B8}"
EndProject
Project("{FAE04EC0-301F-11D3-BF4B-00C04F79EFBC}") = "DataAccess", "DataAccess\DataAccess.csproj", "{E4B9146F-C3A0-4D6D-9015-F6947CE33725}"
EndProject
Project("{FAE04EC0-301F-11D3-BF4B-00C04F79EFBC}") = "Core", "Core\Core.csproj", "{8C901075-C21D-43C0-9657-D2A280E9F9FC}"
EndProject
Project("{FAE04EC0-301F-11D3-BF4B-00C04F79EFBC}") = "Business", "Business\Business.csproj", "{BB4690F2-8E2E-43CC-A3B8-7A42031CAFE0}"
EndProject
Project("{FAE04EC0-301F-11D3-BF4B-00C04F79EFBC}") = "WebApi", "WebApi\WebApi.csproj", "{93EE5B6A-2AB0-4A94-9366-12B09563392B}"
EndProject
Global
	GlobalSection(SolutionConfigurationPlatforms) = preSolution
		Debug|Any CPU = Debug|Any CPU
		Release|Any CPU = Release|Any CPU
	EndGlobalSection
	GlobalSection(ProjectConfigurationPlatforms) = postSolution
		{0B9B7FA6-F13B-4812-8F99-8EF2364BE4B8}.Debug|Any CPU.ActiveCfg = Debug|Any CPU
		{0B9B7FA6-F13B-4812-8F99-8EF2364BE4B8}.Debug|Any CPU.Build.0 = Debug|Any CPU
		{0B9B7FA6-F13B-4812-8F99-8EF2364BE4B8}.Release|Any CPU.ActiveCfg = Release|Any CPU
		{0B9B7FA6-F13B-4812-8F99-8EF2364BE4B8}.Release|Any CPU.Build.0 = Release|Any CPU
		{E4B9146F-C3A0-4D6D-9015-F6947CE33725}.Debug|Any CPU.ActiveCfg = Debug|Any CPU
		{E4B9146F-C3A0-4D6D-9015-F6947CE33725}.Debug|Any CPU.Build.0 = Debug|Any CPU
		{E4B9146F-C3A0-4D6D-9015-F6947CE33725}.Release|Any CPU.ActiveCfg = Release|Any CPU
		{E4B9146F-C3A0-4D6D-9015-F6947CE33725}.Release|Any CPU.Build.0 = Release|Any CPU
		{8C901075-C21D-43C0-9657-D2A280E9F9FC}.Debug|Any CPU.ActiveCfg = Debug|Any CPU
		{8C901075-C21D-43C0-9657-D2A280E9F9FC}.Debug|Any CPU.Build.0 = Debug|Any CPU
		{8C901075-C21D-43C0-9657-D2A280E9F9FC}.Release|Any CPU.ActiveCfg = Release|Any CPU
		{8C901075-C21D-43C0-9657-D2A280E9F9FC}.Release|Any CPU.Build.0 = Release|Any CPU
		{BB4690F2-8E2E-43CC-A3B8-7A42031CAFE0}.Debug|Any CPU.ActiveCfg = Debug|Any CPU
		{BB4690F2-8E2E-43CC-A3B8-7A42031CAFE0}.Debug|Any CPU.Build.0 = Debug|Any CPU
		{BB4690F2-8E2E-43CC-A3B8-7A42031CAFE0}.Release|Any CPU.ActiveCfg = Release|Any CPU
		{BB4690F2-8E2E-43CC-A3B8-7A42031CAFE0}.Release|Any CPU.Build.0 = Release|Any CPU
		{93EE5B6A-2AB0-4A94-9366-12B09563392B}.Debug|Any CPU.ActiveCfg = Debug|Any CPU
		{93EE5B6A-2AB0-4A94-9366-12B09563392B}.Debug|Any CPU.Build.0 = Debug|Any CPU
		{93EE5B6A-2AB0-4A94-9366-12B09563392B}.Release|Any CPU.ActiveCfg = Release|Any CPU
		{93EE5B6A-2AB0-4A94-9366-12B09563392B}.Release|Any CPU.Build.0 = Release|Any CPU
	EndGlobalSection
	GlobalSection(SolutionProperties) = preSolution
		HideSolutionNode = FALSE
	EndGlobalSection
	GlobalSection(ExtensibilityGlobals) = postSolution
		SolutionGuid = {9027B320-190E-4ABB-B6A1-350417DD6443}
	EndGlobalSection
EndGlobal
